// !$*UTF8*$!
{
	archiveVersion = 1;
	classes = {
	};
	objectVersion = 56;
	objects = {

/* Begin PBXBuildFile section */
		AA5E37E5292DF35F0019D383 /* AppDelegate.swift in Sources */ = {isa = PBXBuildFile; fileRef = AA5E37E4292DF35F0019D383 /* AppDelegate.swift */; };
		AA5E37EE292DF3600019D383 /* Assets.xcassets in Resources */ = {isa = PBXBuildFile; fileRef = AA5E37ED292DF3600019D383 /* Assets.xcassets */; };
		AA5E37F1292DF3600019D383 /* LaunchScreen.storyboard in Resources */ = {isa = PBXBuildFile; fileRef = AA5E37EF292DF3600019D383 /* LaunchScreen.storyboard */; };
		AA5E37FB292E48990019D383 /* TMDBNetworking.swift in Sources */ = {isa = PBXBuildFile; fileRef = AA5E37FA292E48990019D383 /* TMDBNetworking.swift */; };
		AA5E3800292E6B520019D383 /* TMDBError.swift in Sources */ = {isa = PBXBuildFile; fileRef = AA5E37FF292E6B520019D383 /* TMDBError.swift */; };
		AA5E3803292E6B850019D383 /* MovieEntity.swift in Sources */ = {isa = PBXBuildFile; fileRef = AA5E3802292E6B850019D383 /* MovieEntity.swift */; };
		AA5E3805292E6BBF0019D383 /* PaginatedList.swift in Sources */ = {isa = PBXBuildFile; fileRef = AA5E3804292E6BBF0019D383 /* PaginatedList.swift */; };
		AA5E3807292E6BF90019D383 /* TMDBRequest.swift in Sources */ = {isa = PBXBuildFile; fileRef = AA5E3806292E6BF90019D383 /* TMDBRequest.swift */; };
		AA5E3809292E6C110019D383 /* Logger.swift in Sources */ = {isa = PBXBuildFile; fileRef = AA5E3808292E6C110019D383 /* Logger.swift */; };
		AA5E380B292ED0460019D383 /* CastEntity.swift in Sources */ = {isa = PBXBuildFile; fileRef = AA5E380A292ED0460019D383 /* CastEntity.swift */; };
		AA5E380D292ED0960019D383 /* MovieCreditsEntity.swift in Sources */ = {isa = PBXBuildFile; fileRef = AA5E380C292ED0960019D383 /* MovieCreditsEntity.swift */; };
		AA5E3818292ED21D0019D383 /* MoviesListViewModelType.swift in Sources */ = {isa = PBXBuildFile; fileRef = AA5E3814292ED21D0019D383 /* MoviesListViewModelType.swift */; };
		AA5E3819292ED21D0019D383 /* MoviesListViewController.swift in Sources */ = {isa = PBXBuildFile; fileRef = AA5E3815292ED21D0019D383 /* MoviesListViewController.swift */; };
		AA5E381A292ED21D0019D383 /* MoviesListViewModel.swift in Sources */ = {isa = PBXBuildFile; fileRef = AA5E3816292ED21D0019D383 /* MoviesListViewModel.swift */; };
		AA5E381B292ED21D0019D383 /* MoviesListViewController.xib in Resources */ = {isa = PBXBuildFile; fileRef = AA5E3817292ED21D0019D383 /* MoviesListViewController.xib */; };
		AA5E3821292ED2660019D383 /* MovieDetailsViewModelType.swift in Sources */ = {isa = PBXBuildFile; fileRef = AA5E381D292ED2660019D383 /* MovieDetailsViewModelType.swift */; };
		AA5E3822292ED2660019D383 /* MovieDetailsViewController.swift in Sources */ = {isa = PBXBuildFile; fileRef = AA5E381E292ED2660019D383 /* MovieDetailsViewController.swift */; };
		AA5E3823292ED2660019D383 /* MovieDetailsViewModel.swift in Sources */ = {isa = PBXBuildFile; fileRef = AA5E381F292ED2660019D383 /* MovieDetailsViewModel.swift */; };
		AA5E3824292ED2660019D383 /* MovieDetailsViewController.xib in Resources */ = {isa = PBXBuildFile; fileRef = AA5E3820292ED2660019D383 /* MovieDetailsViewController.xib */; };
		AA5E3828292ED7D50019D383 /* MovieCollectionViewCell.swift in Sources */ = {isa = PBXBuildFile; fileRef = AA5E3826292ED7D50019D383 /* MovieCollectionViewCell.swift */; };
		AA5E3829292ED7D50019D383 /* MovieCollectionViewCell.xib in Resources */ = {isa = PBXBuildFile; fileRef = AA5E3827292ED7D50019D383 /* MovieCollectionViewCell.xib */; };
		AA5E382C292EE42D0019D383 /* Kingfisher in Frameworks */ = {isa = PBXBuildFile; productRef = AA5E382B292EE42D0019D383 /* Kingfisher */; };
		AA5E382F292EE5600019D383 /* UIImageView+Kingfisher.swift in Sources */ = {isa = PBXBuildFile; fileRef = AA5E382E292EE5600019D383 /* UIImageView+Kingfisher.swift */; };
		AA5E3831292EEDFB0019D383 /* TMDBImageBuilder.swift in Sources */ = {isa = PBXBuildFile; fileRef = AA5E3830292EEDFB0019D383 /* TMDBImageBuilder.swift */; };
		AA5E3834292EFA980019D383 /* MovieCollectionViewHeader.swift in Sources */ = {isa = PBXBuildFile; fileRef = AA5E3833292EFA980019D383 /* MovieCollectionViewHeader.swift */; };
		AA5E3836292EFA9F0019D383 /* MovieCollectionViewHeader.xib in Resources */ = {isa = PBXBuildFile; fileRef = AA5E3835292EFA9F0019D383 /* MovieCollectionViewHeader.xib */; };
		AADB61D7292EFE4900C28191 /* MoviesWatchlistStore.swift in Sources */ = {isa = PBXBuildFile; fileRef = AADB61D6292EFE4900C28191 /* MoviesWatchlistStore.swift */; };
		AADB61DB2931351400C28191 /* MovieOverviewTableViewCell.swift in Sources */ = {isa = PBXBuildFile; fileRef = AADB61D92931351400C28191 /* MovieOverviewTableViewCell.swift */; };
		AADB61DC2931351400C28191 /* MovieOverviewTableViewCell.xib in Resources */ = {isa = PBXBuildFile; fileRef = AADB61DA2931351400C28191 /* MovieOverviewTableViewCell.xib */; };
		AADB61E12931353F00C28191 /* MoviesTableViewCell.swift in Sources */ = {isa = PBXBuildFile; fileRef = AADB61DF2931353F00C28191 /* MoviesTableViewCell.swift */; };
		AADB61E22931353F00C28191 /* MoviesTableViewCell.xib in Resources */ = {isa = PBXBuildFile; fileRef = AADB61E02931353F00C28191 /* MoviesTableViewCell.xib */; };
		AADB61E52931355000C28191 /* CastsTableViewCell.swift in Sources */ = {isa = PBXBuildFile; fileRef = AADB61E32931355000C28191 /* CastsTableViewCell.swift */; };
		AADB61E62931355000C28191 /* CastsTableViewCell.xib in Resources */ = {isa = PBXBuildFile; fileRef = AADB61E42931355000C28191 /* CastsTableViewCell.xib */; };
		AADB61ED2931363000C28191 /* UITableView+Helpers.swift in Sources */ = {isa = PBXBuildFile; fileRef = AADB61EC2931363000C28191 /* UITableView+Helpers.swift */; };
		AADB61EF293136B500C28191 /* UICollectionView+Helpers.swift in Sources */ = {isa = PBXBuildFile; fileRef = AADB61EE293136B500C28191 /* UICollectionView+Helpers.swift */; };
		AADB61F229313C7400C28191 /* Collection+Helpers.swift in Sources */ = {isa = PBXBuildFile; fileRef = AADB61F129313C7400C28191 /* Collection+Helpers.swift */; };
		AADB61F429313EF400C28191 /* NSObject+Helpers.swift in Sources */ = {isa = PBXBuildFile; fileRef = AADB61F329313EF400C28191 /* NSObject+Helpers.swift */; };
/* End PBXBuildFile section */

/* Begin PBXFileReference section */
		AA5E37E1292DF35F0019D383 /* TeldaMovies.app */ = {isa = PBXFileReference; explicitFileType = wrapper.application; includeInIndex = 0; path = TeldaMovies.app; sourceTree = BUILT_PRODUCTS_DIR; };
		AA5E37E4292DF35F0019D383 /* AppDelegate.swift */ = {isa = PBXFileReference; lastKnownFileType = sourcecode.swift; path = AppDelegate.swift; sourceTree = "<group>"; };
		AA5E37ED292DF3600019D383 /* Assets.xcassets */ = {isa = PBXFileReference; lastKnownFileType = folder.assetcatalog; path = Assets.xcassets; sourceTree = "<group>"; };
		AA5E37F0292DF3600019D383 /* Base */ = {isa = PBXFileReference; lastKnownFileType = file.storyboard; name = Base; path = Base.lproj/LaunchScreen.storyboard; sourceTree = "<group>"; };
		AA5E37F2292DF3600019D383 /* Info.plist */ = {isa = PBXFileReference; lastKnownFileType = text.plist.xml; path = Info.plist; sourceTree = "<group>"; };
		AA5E37FA292E48990019D383 /* TMDBNetworking.swift */ = {isa = PBXFileReference; lastKnownFileType = sourcecode.swift; path = TMDBNetworking.swift; sourceTree = "<group>"; };
		AA5E37FF292E6B520019D383 /* TMDBError.swift */ = {isa = PBXFileReference; lastKnownFileType = sourcecode.swift; path = TMDBError.swift; sourceTree = "<group>"; };
		AA5E3802292E6B850019D383 /* MovieEntity.swift */ = {isa = PBXFileReference; lastKnownFileType = sourcecode.swift; path = MovieEntity.swift; sourceTree = "<group>"; };
		AA5E3804292E6BBF0019D383 /* PaginatedList.swift */ = {isa = PBXFileReference; lastKnownFileType = sourcecode.swift; path = PaginatedList.swift; sourceTree = "<group>"; };
		AA5E3806292E6BF90019D383 /* TMDBRequest.swift */ = {isa = PBXFileReference; lastKnownFileType = sourcecode.swift; path = TMDBRequest.swift; sourceTree = "<group>"; };
		AA5E3808292E6C110019D383 /* Logger.swift */ = {isa = PBXFileReference; lastKnownFileType = sourcecode.swift; path = Logger.swift; sourceTree = "<group>"; };
		AA5E380A292ED0460019D383 /* CastEntity.swift */ = {isa = PBXFileReference; lastKnownFileType = sourcecode.swift; path = CastEntity.swift; sourceTree = "<group>"; };
		AA5E380C292ED0960019D383 /* MovieCreditsEntity.swift */ = {isa = PBXFileReference; lastKnownFileType = sourcecode.swift; path = MovieCreditsEntity.swift; sourceTree = "<group>"; };
		AA5E3814292ED21D0019D383 /* MoviesListViewModelType.swift */ = {isa = PBXFileReference; lastKnownFileType = sourcecode.swift; path = MoviesListViewModelType.swift; sourceTree = "<group>"; };
		AA5E3815292ED21D0019D383 /* MoviesListViewController.swift */ = {isa = PBXFileReference; lastKnownFileType = sourcecode.swift; path = MoviesListViewController.swift; sourceTree = "<group>"; };
		AA5E3816292ED21D0019D383 /* MoviesListViewModel.swift */ = {isa = PBXFileReference; lastKnownFileType = sourcecode.swift; path = MoviesListViewModel.swift; sourceTree = "<group>"; };
		AA5E3817292ED21D0019D383 /* MoviesListViewController.xib */ = {isa = PBXFileReference; lastKnownFileType = file.xib; path = MoviesListViewController.xib; sourceTree = "<group>"; };
		AA5E381D292ED2660019D383 /* MovieDetailsViewModelType.swift */ = {isa = PBXFileReference; lastKnownFileType = sourcecode.swift; path = MovieDetailsViewModelType.swift; sourceTree = "<group>"; };
		AA5E381E292ED2660019D383 /* MovieDetailsViewController.swift */ = {isa = PBXFileReference; lastKnownFileType = sourcecode.swift; path = MovieDetailsViewController.swift; sourceTree = "<group>"; };
		AA5E381F292ED2660019D383 /* MovieDetailsViewModel.swift */ = {isa = PBXFileReference; lastKnownFileType = sourcecode.swift; path = MovieDetailsViewModel.swift; sourceTree = "<group>"; };
		AA5E3820292ED2660019D383 /* MovieDetailsViewController.xib */ = {isa = PBXFileReference; lastKnownFileType = file.xib; path = MovieDetailsViewController.xib; sourceTree = "<group>"; };
		AA5E3826292ED7D50019D383 /* MovieCollectionViewCell.swift */ = {isa = PBXFileReference; lastKnownFileType = sourcecode.swift; path = MovieCollectionViewCell.swift; sourceTree = "<group>"; };
		AA5E3827292ED7D50019D383 /* MovieCollectionViewCell.xib */ = {isa = PBXFileReference; lastKnownFileType = file.xib; path = MovieCollectionViewCell.xib; sourceTree = "<group>"; };
		AA5E382E292EE5600019D383 /* UIImageView+Kingfisher.swift */ = {isa = PBXFileReference; lastKnownFileType = sourcecode.swift; path = "UIImageView+Kingfisher.swift"; sourceTree = "<group>"; };
		AA5E3830292EEDFB0019D383 /* TMDBImageBuilder.swift */ = {isa = PBXFileReference; lastKnownFileType = sourcecode.swift; path = TMDBImageBuilder.swift; sourceTree = "<group>"; };
		AA5E3833292EFA980019D383 /* MovieCollectionViewHeader.swift */ = {isa = PBXFileReference; lastKnownFileType = sourcecode.swift; path = MovieCollectionViewHeader.swift; sourceTree = "<group>"; };
		AA5E3835292EFA9F0019D383 /* MovieCollectionViewHeader.xib */ = {isa = PBXFileReference; lastKnownFileType = file.xib; path = MovieCollectionViewHeader.xib; sourceTree = "<group>"; };
		AADB61D6292EFE4900C28191 /* MoviesWatchlistStore.swift */ = {isa = PBXFileReference; lastKnownFileType = sourcecode.swift; path = MoviesWatchlistStore.swift; sourceTree = "<group>"; };
		AADB61D92931351400C28191 /* MovieOverviewTableViewCell.swift */ = {isa = PBXFileReference; lastKnownFileType = sourcecode.swift; path = MovieOverviewTableViewCell.swift; sourceTree = "<group>"; };
		AADB61DA2931351400C28191 /* MovieOverviewTableViewCell.xib */ = {isa = PBXFileReference; lastKnownFileType = file.xib; path = MovieOverviewTableViewCell.xib; sourceTree = "<group>"; };
		AADB61DF2931353F00C28191 /* MoviesTableViewCell.swift */ = {isa = PBXFileReference; lastKnownFileType = sourcecode.swift; path = MoviesTableViewCell.swift; sourceTree = "<group>"; };
		AADB61E02931353F00C28191 /* MoviesTableViewCell.xib */ = {isa = PBXFileReference; lastKnownFileType = file.xib; path = MoviesTableViewCell.xib; sourceTree = "<group>"; };
		AADB61E32931355000C28191 /* CastsTableViewCell.swift */ = {isa = PBXFileReference; lastKnownFileType = sourcecode.swift; path = CastsTableViewCell.swift; sourceTree = "<group>"; };
		AADB61E42931355000C28191 /* CastsTableViewCell.xib */ = {isa = PBXFileReference; lastKnownFileType = file.xib; path = CastsTableViewCell.xib; sourceTree = "<group>"; };
		AADB61EC2931363000C28191 /* UITableView+Helpers.swift */ = {isa = PBXFileReference; lastKnownFileType = sourcecode.swift; path = "UITableView+Helpers.swift"; sourceTree = "<group>"; };
		AADB61EE293136B500C28191 /* UICollectionView+Helpers.swift */ = {isa = PBXFileReference; lastKnownFileType = sourcecode.swift; path = "UICollectionView+Helpers.swift"; sourceTree = "<group>"; };
		AADB61F129313C7400C28191 /* Collection+Helpers.swift */ = {isa = PBXFileReference; lastKnownFileType = sourcecode.swift; path = "Collection+Helpers.swift"; sourceTree = "<group>"; };
		AADB61F329313EF400C28191 /* NSObject+Helpers.swift */ = {isa = PBXFileReference; lastKnownFileType = sourcecode.swift; path = "NSObject+Helpers.swift"; sourceTree = "<group>"; };
/* End PBXFileReference section */

/* Begin PBXFrameworksBuildPhase section */
		AA5E37DE292DF35F0019D383 /* Frameworks */ = {
			isa = PBXFrameworksBuildPhase;
			buildActionMask = 2147483647;
			files = (
				AA5E382C292EE42D0019D383 /* Kingfisher in Frameworks */,
			);
			runOnlyForDeploymentPostprocessing = 0;
		};
/* End PBXFrameworksBuildPhase section */

/* Begin PBXGroup section */
		AA5E37D8292DF35F0019D383 = {
			isa = PBXGroup;
			children = (
				AA5E37E3292DF35F0019D383 /* TeldaMovies */,
				AA5E37E2292DF35F0019D383 /* Products */,
			);
			sourceTree = "<group>";
		};
		AA5E37E2292DF35F0019D383 /* Products */ = {
			isa = PBXGroup;
			children = (
				AA5E37E1292DF35F0019D383 /* TeldaMovies.app */,
			);
			name = Products;
			sourceTree = "<group>";
		};
		AA5E37E3292DF35F0019D383 /* TeldaMovies */ = {
			isa = PBXGroup;
			children = (
				AA5E382D292EE5510019D383 /* Extensions */,
				AA5E3801292E6B7C0019D383 /* Models */,
				AA5E380E292ED1EB0019D383 /* Modules */,
				AA5E37F8292E268A0019D383 /* Networking */,
				AA5E37F9292E26AF0019D383 /* Resources */,
				AA5E37FC292E4ACF0019D383 /* Tools */,
				AADB61F02931383E00C28191 /* ViewModels */,
				AA5E37E4292DF35F0019D383 /* AppDelegate.swift */,
			);
			path = TeldaMovies;
			sourceTree = "<group>";
		};
		AA5E37F8292E268A0019D383 /* Networking */ = {
			isa = PBXGroup;
			children = (
				AA5E3804292E6BBF0019D383 /* PaginatedList.swift */,
				AA5E37FF292E6B520019D383 /* TMDBError.swift */,
				AA5E37FA292E48990019D383 /* TMDBNetworking.swift */,
				AA5E3806292E6BF90019D383 /* TMDBRequest.swift */,
			);
			path = Networking;
			sourceTree = "<group>";
		};
		AA5E37F9292E26AF0019D383 /* Resources */ = {
			isa = PBXGroup;
			children = (
				AA5E37ED292DF3600019D383 /* Assets.xcassets */,
				AA5E37EF292DF3600019D383 /* LaunchScreen.storyboard */,
				AA5E37F2292DF3600019D383 /* Info.plist */,
			);
			path = Resources;
			sourceTree = "<group>";
		};
		AA5E37FC292E4ACF0019D383 /* Tools */ = {
			isa = PBXGroup;
			children = (
				AA5E3808292E6C110019D383 /* Logger.swift */,
				AADB61D6292EFE4900C28191 /* MoviesWatchlistStore.swift */,
				AA5E3830292EEDFB0019D383 /* TMDBImageBuilder.swift */,
			);
			path = Tools;
			sourceTree = "<group>";
		};
		AA5E3801292E6B7C0019D383 /* Models */ = {
			isa = PBXGroup;
			children = (
				AA5E380A292ED0460019D383 /* CastEntity.swift */,
				AA5E3802292E6B850019D383 /* MovieEntity.swift */,
				AA5E380C292ED0960019D383 /* MovieCreditsEntity.swift */,
			);
			path = Models;
			sourceTree = "<group>";
		};
		AA5E380E292ED1EB0019D383 /* Modules */ = {
			isa = PBXGroup;
			children = (
				AA5E381C292ED2540019D383 /* MovieDetails */,
				AA5E380F292ED1FD0019D383 /* MoviesList */,
			);
			path = Modules;
			sourceTree = "<group>";
		};
		AA5E380F292ED1FD0019D383 /* MoviesList */ = {
			isa = PBXGroup;
			children = (
				AA5E3832292EFA850019D383 /* MovieCollectionViewHeader */,
				AA5E3825292ED7BC0019D383 /* MovieCollectionViewCell */,
				AA5E3815292ED21D0019D383 /* MoviesListViewController.swift */,
				AA5E3817292ED21D0019D383 /* MoviesListViewController.xib */,
				AA5E3816292ED21D0019D383 /* MoviesListViewModel.swift */,
				AA5E3814292ED21D0019D383 /* MoviesListViewModelType.swift */,
			);
			path = MoviesList;
			sourceTree = "<group>";
		};
		AA5E381C292ED2540019D383 /* MovieDetails */ = {
			isa = PBXGroup;
			children = (
				AADB61EB2931359000C28191 /* Cells */,
				AA5E381E292ED2660019D383 /* MovieDetailsViewController.swift */,
				AA5E3820292ED2660019D383 /* MovieDetailsViewController.xib */,
				AA5E381F292ED2660019D383 /* MovieDetailsViewModel.swift */,
				AA5E381D292ED2660019D383 /* MovieDetailsViewModelType.swift */,
			);
			path = MovieDetails;
			sourceTree = "<group>";
		};
		AA5E3825292ED7BC0019D383 /* MovieCollectionViewCell */ = {
			isa = PBXGroup;
			children = (
				AA5E3826292ED7D50019D383 /* MovieCollectionViewCell.swift */,
				AA5E3827292ED7D50019D383 /* MovieCollectionViewCell.xib */,
			);
			path = MovieCollectionViewCell;
			sourceTree = "<group>";
		};
		AA5E382D292EE5510019D383 /* Extensions */ = {
			isa = PBXGroup;
			children = (
				AADB61F129313C7400C28191 /* Collection+Helpers.swift */,
				AADB61F329313EF400C28191 /* NSObject+Helpers.swift */,
				AADB61EE293136B500C28191 /* UICollectionView+Helpers.swift */,
				AA5E382E292EE5600019D383 /* UIImageView+Kingfisher.swift */,
				AADB61EC2931363000C28191 /* UITableView+Helpers.swift */,
			);
			path = Extensions;
			sourceTree = "<group>";
		};
		AA5E3832292EFA850019D383 /* MovieCollectionViewHeader */ = {
			isa = PBXGroup;
			children = (
				AA5E3833292EFA980019D383 /* MovieCollectionViewHeader.swift */,
				AA5E3835292EFA9F0019D383 /* MovieCollectionViewHeader.xib */,
			);
			path = MovieCollectionViewHeader;
			sourceTree = "<group>";
		};
		AADB61E72931355900C28191 /* CastsTableViewCell */ = {
			isa = PBXGroup;
			children = (
				AADB61E32931355000C28191 /* CastsTableViewCell.swift */,
				AADB61E42931355000C28191 /* CastsTableViewCell.xib */,
			);
			path = CastsTableViewCell;
			sourceTree = "<group>";
		};
		AADB61E82931355F00C28191 /* MoviesTableViewCell */ = {
			isa = PBXGroup;
			children = (
				AADB61DF2931353F00C28191 /* MoviesTableViewCell.swift */,
				AADB61E02931353F00C28191 /* MoviesTableViewCell.xib */,
			);
			path = MoviesTableViewCell;
			sourceTree = "<group>";
		};
		AADB61E92931356700C28191 /* MovieOverviewTableViewCell */ = {
			isa = PBXGroup;
			children = (
				AADB61D92931351400C28191 /* MovieOverviewTableViewCell.swift */,
				AADB61DA2931351400C28191 /* MovieOverviewTableViewCell.xib */,
			);
			path = MovieOverviewTableViewCell;
			sourceTree = "<group>";
		};
		AADB61EB2931359000C28191 /* Cells */ = {
			isa = PBXGroup;
			children = (
				AADB61E72931355900C28191 /* CastsTableViewCell */,
				AADB61E92931356700C28191 /* MovieOverviewTableViewCell */,
				AADB61E82931355F00C28191 /* MoviesTableViewCell */,
			);
			path = Cells;
			sourceTree = "<group>";
		};
		AADB61F02931383E00C28191 /* ViewModels */ = {
			isa = PBXGroup;
			children = (
			);
			path = ViewModels;
			sourceTree = "<group>";
		};
/* End PBXGroup section */

/* Begin PBXNativeTarget section */
		AA5E37E0292DF35F0019D383 /* TeldaMovies */ = {
			isa = PBXNativeTarget;
			buildConfigurationList = AA5E37F5292DF3600019D383 /* Build configuration list for PBXNativeTarget "TeldaMovies" */;
			buildPhases = (
				AA5E37DD292DF35F0019D383 /* Sources */,
				AA5E37DE292DF35F0019D383 /* Frameworks */,
				AA5E37DF292DF35F0019D383 /* Resources */,
			);
			buildRules = (
			);
			dependencies = (
			);
			name = TeldaMovies;
			packageProductDependencies = (
				AA5E382B292EE42D0019D383 /* Kingfisher */,
			);
			productName = TeldaMovies;
			productReference = AA5E37E1292DF35F0019D383 /* TeldaMovies.app */;
			productType = "com.apple.product-type.application";
		};
/* End PBXNativeTarget section */

/* Begin PBXProject section */
		AA5E37D9292DF35F0019D383 /* Project object */ = {
			isa = PBXProject;
			attributes = {
				BuildIndependentTargetsInParallel = 1;
				LastSwiftUpdateCheck = 1410;
				LastUpgradeCheck = 1410;
				TargetAttributes = {
					AA5E37E0292DF35F0019D383 = {
						CreatedOnToolsVersion = 14.1;
					};
				};
			};
			buildConfigurationList = AA5E37DC292DF35F0019D383 /* Build configuration list for PBXProject "TeldaMovies" */;
			compatibilityVersion = "Xcode 14.0";
			developmentRegion = en;
			hasScannedForEncodings = 0;
			knownRegions = (
				en,
				Base,
			);
			mainGroup = AA5E37D8292DF35F0019D383;
			packageReferences = (
				AA5E382A292EE42D0019D383 /* XCRemoteSwiftPackageReference "Kingfisher" */,
			);
			productRefGroup = AA5E37E2292DF35F0019D383 /* Products */;
			projectDirPath = "";
			projectRoot = "";
			targets = (
				AA5E37E0292DF35F0019D383 /* TeldaMovies */,
			);
		};
/* End PBXProject section */

/* Begin PBXResourcesBuildPhase section */
		AA5E37DF292DF35F0019D383 /* Resources */ = {
			isa = PBXResourcesBuildPhase;
			buildActionMask = 2147483647;
			files = (
				AADB61DC2931351400C28191 /* MovieOverviewTableViewCell.xib in Resources */,
				AA5E3829292ED7D50019D383 /* MovieCollectionViewCell.xib in Resources */,
				AA5E37F1292DF3600019D383 /* LaunchScreen.storyboard in Resources */,
				AADB61E62931355000C28191 /* CastsTableViewCell.xib in Resources */,
				AA5E37EE292DF3600019D383 /* Assets.xcassets in Resources */,
				AA5E381B292ED21D0019D383 /* MoviesListViewController.xib in Resources */,
				AA5E3836292EFA9F0019D383 /* MovieCollectionViewHeader.xib in Resources */,
				AADB61E22931353F00C28191 /* MoviesTableViewCell.xib in Resources */,
				AA5E3824292ED2660019D383 /* MovieDetailsViewController.xib in Resources */,
			);
			runOnlyForDeploymentPostprocessing = 0;
		};
/* End PBXResourcesBuildPhase section */

/* Begin PBXSourcesBuildPhase section */
		AA5E37DD292DF35F0019D383 /* Sources */ = {
			isa = PBXSourcesBuildPhase;
			buildActionMask = 2147483647;
			files = (
				AA5E3831292EEDFB0019D383 /* TMDBImageBuilder.swift in Sources */,
				AADB61E52931355000C28191 /* CastsTableViewCell.swift in Sources */,
				AA5E37FB292E48990019D383 /* TMDBNetworking.swift in Sources */,
				AA5E3805292E6BBF0019D383 /* PaginatedList.swift in Sources */,
				AA5E380D292ED0960019D383 /* MovieCreditsEntity.swift in Sources */,
				AA5E380B292ED0460019D383 /* CastEntity.swift in Sources */,
				AA5E3821292ED2660019D383 /* MovieDetailsViewModelType.swift in Sources */,
				AADB61E12931353F00C28191 /* MoviesTableViewCell.swift in Sources */,
				AA5E3822292ED2660019D383 /* MovieDetailsViewController.swift in Sources */,
				AA5E382F292EE5600019D383 /* UIImageView+Kingfisher.swift in Sources */,
				AA5E3834292EFA980019D383 /* MovieCollectionViewHeader.swift in Sources */,
				AADB61DB2931351400C28191 /* MovieOverviewTableViewCell.swift in Sources */,
				AADB61F429313EF400C28191 /* NSObject+Helpers.swift in Sources */,
				AA5E3800292E6B520019D383 /* TMDBError.swift in Sources */,
				AADB61F229313C7400C28191 /* Collection+Helpers.swift in Sources */,
				AA5E3803292E6B850019D383 /* MovieEntity.swift in Sources */,
				AA5E3823292ED2660019D383 /* MovieDetailsViewModel.swift in Sources */,
				AA5E3809292E6C110019D383 /* Logger.swift in Sources */,
				AA5E381A292ED21D0019D383 /* MoviesListViewModel.swift in Sources */,
				AA5E3818292ED21D0019D383 /* MoviesListViewModelType.swift in Sources */,
				AA5E3807292E6BF90019D383 /* TMDBRequest.swift in Sources */,
				AADB61ED2931363000C28191 /* UITableView+Helpers.swift in Sources */,
				AADB61D7292EFE4900C28191 /* MoviesWatchlistStore.swift in Sources */,
				AA5E37E5292DF35F0019D383 /* AppDelegate.swift in Sources */,
				AADB61EF293136B500C28191 /* UICollectionView+Helpers.swift in Sources */,
				AA5E3819292ED21D0019D383 /* MoviesListViewController.swift in Sources */,
				AA5E3828292ED7D50019D383 /* MovieCollectionViewCell.swift in Sources */,
			);
			runOnlyForDeploymentPostprocessing = 0;
		};
/* End PBXSourcesBuildPhase section */

/* Begin PBXVariantGroup section */
		AA5E37EF292DF3600019D383 /* LaunchScreen.storyboard */ = {
			isa = PBXVariantGroup;
			children = (
				AA5E37F0292DF3600019D383 /* Base */,
			);
			name = LaunchScreen.storyboard;
			sourceTree = "<group>";
		};
/* End PBXVariantGroup section */

/* Begin XCBuildConfiguration section */
		AA5E37F3292DF3600019D383 /* Debug */ = {
			isa = XCBuildConfiguration;
			buildSettings = {
				ALWAYS_SEARCH_USER_PATHS = NO;
				CLANG_ANALYZER_NONNULL = YES;
				CLANG_ANALYZER_NUMBER_OBJECT_CONVERSION = YES_AGGRESSIVE;
				CLANG_CXX_LANGUAGE_STANDARD = "gnu++20";
				CLANG_ENABLE_MODULES = YES;
				CLANG_ENABLE_OBJC_ARC = YES;
				CLANG_ENABLE_OBJC_WEAK = YES;
				CLANG_WARN_BLOCK_CAPTURE_AUTORELEASING = YES;
				CLANG_WARN_BOOL_CONVERSION = YES;
				CLANG_WARN_COMMA = YES;
				CLANG_WARN_CONSTANT_CONVERSION = YES;
				CLANG_WARN_DEPRECATED_OBJC_IMPLEMENTATIONS = YES;
				CLANG_WARN_DIRECT_OBJC_ISA_USAGE = YES_ERROR;
				CLANG_WARN_DOCUMENTATION_COMMENTS = YES;
				CLANG_WARN_EMPTY_BODY = YES;
				CLANG_WARN_ENUM_CONVERSION = YES;
				CLANG_WARN_INFINITE_RECURSION = YES;
				CLANG_WARN_INT_CONVERSION = YES;
				CLANG_WARN_NON_LITERAL_NULL_CONVERSION = YES;
				CLANG_WARN_OBJC_IMPLICIT_RETAIN_SELF = YES;
				CLANG_WARN_OBJC_LITERAL_CONVERSION = YES;
				CLANG_WARN_OBJC_ROOT_CLASS = YES_ERROR;
				CLANG_WARN_QUOTED_INCLUDE_IN_FRAMEWORK_HEADER = YES;
				CLANG_WARN_RANGE_LOOP_ANALYSIS = YES;
				CLANG_WARN_STRICT_PROTOTYPES = YES;
				CLANG_WARN_SUSPICIOUS_MOVE = YES;
				CLANG_WARN_UNGUARDED_AVAILABILITY = YES_AGGRESSIVE;
				CLANG_WARN_UNREACHABLE_CODE = YES;
				CLANG_WARN__DUPLICATE_METHOD_MATCH = YES;
				COPY_PHASE_STRIP = NO;
				DEBUG_INFORMATION_FORMAT = dwarf;
				ENABLE_STRICT_OBJC_MSGSEND = YES;
				ENABLE_TESTABILITY = YES;
				GCC_C_LANGUAGE_STANDARD = gnu11;
				GCC_DYNAMIC_NO_PIC = NO;
				GCC_NO_COMMON_BLOCKS = YES;
				GCC_OPTIMIZATION_LEVEL = 0;
				GCC_PREPROCESSOR_DEFINITIONS = (
					"DEBUG=1",
					"$(inherited)",
				);
				GCC_WARN_64_TO_32_BIT_CONVERSION = YES;
				GCC_WARN_ABOUT_RETURN_TYPE = YES_ERROR;
				GCC_WARN_UNDECLARED_SELECTOR = YES;
				GCC_WARN_UNINITIALIZED_AUTOS = YES_AGGRESSIVE;
				GCC_WARN_UNUSED_FUNCTION = YES;
				GCC_WARN_UNUSED_VARIABLE = YES;
				IPHONEOS_DEPLOYMENT_TARGET = 16.1;
				MTL_ENABLE_DEBUG_INFO = INCLUDE_SOURCE;
				MTL_FAST_MATH = YES;
				ONLY_ACTIVE_ARCH = YES;
				SDKROOT = iphoneos;
				SWIFT_ACTIVE_COMPILATION_CONDITIONS = DEBUG;
				SWIFT_OPTIMIZATION_LEVEL = "-Onone";
			};
			name = Debug;
		};
		AA5E37F4292DF3600019D383 /* Release */ = {
			isa = XCBuildConfiguration;
			buildSettings = {
				ALWAYS_SEARCH_USER_PATHS = NO;
				CLANG_ANALYZER_NONNULL = YES;
				CLANG_ANALYZER_NUMBER_OBJECT_CONVERSION = YES_AGGRESSIVE;
				CLANG_CXX_LANGUAGE_STANDARD = "gnu++20";
				CLANG_ENABLE_MODULES = YES;
				CLANG_ENABLE_OBJC_ARC = YES;
				CLANG_ENABLE_OBJC_WEAK = YES;
				CLANG_WARN_BLOCK_CAPTURE_AUTORELEASING = YES;
				CLANG_WARN_BOOL_CONVERSION = YES;
				CLANG_WARN_COMMA = YES;
				CLANG_WARN_CONSTANT_CONVERSION = YES;
				CLANG_WARN_DEPRECATED_OBJC_IMPLEMENTATIONS = YES;
				CLANG_WARN_DIRECT_OBJC_ISA_USAGE = YES_ERROR;
				CLANG_WARN_DOCUMENTATION_COMMENTS = YES;
				CLANG_WARN_EMPTY_BODY = YES;
				CLANG_WARN_ENUM_CONVERSION = YES;
				CLANG_WARN_INFINITE_RECURSION = YES;
				CLANG_WARN_INT_CONVERSION = YES;
				CLANG_WARN_NON_LITERAL_NULL_CONVERSION = YES;
				CLANG_WARN_OBJC_IMPLICIT_RETAIN_SELF = YES;
				CLANG_WARN_OBJC_LITERAL_CONVERSION = YES;
				CLANG_WARN_OBJC_ROOT_CLASS = YES_ERROR;
				CLANG_WARN_QUOTED_INCLUDE_IN_FRAMEWORK_HEADER = YES;
				CLANG_WARN_RANGE_LOOP_ANALYSIS = YES;
				CLANG_WARN_STRICT_PROTOTYPES = YES;
				CLANG_WARN_SUSPICIOUS_MOVE = YES;
				CLANG_WARN_UNGUARDED_AVAILABILITY = YES_AGGRESSIVE;
				CLANG_WARN_UNREACHABLE_CODE = YES;
				CLANG_WARN__DUPLICATE_METHOD_MATCH = YES;
				COPY_PHASE_STRIP = NO;
				DEBUG_INFORMATION_FORMAT = "dwarf-with-dsym";
				ENABLE_NS_ASSERTIONS = NO;
				ENABLE_STRICT_OBJC_MSGSEND = YES;
				GCC_C_LANGUAGE_STANDARD = gnu11;
				GCC_NO_COMMON_BLOCKS = YES;
				GCC_WARN_64_TO_32_BIT_CONVERSION = YES;
				GCC_WARN_ABOUT_RETURN_TYPE = YES_ERROR;
				GCC_WARN_UNDECLARED_SELECTOR = YES;
				GCC_WARN_UNINITIALIZED_AUTOS = YES_AGGRESSIVE;
				GCC_WARN_UNUSED_FUNCTION = YES;
				GCC_WARN_UNUSED_VARIABLE = YES;
				IPHONEOS_DEPLOYMENT_TARGET = 16.1;
				MTL_ENABLE_DEBUG_INFO = NO;
				MTL_FAST_MATH = YES;
				SDKROOT = iphoneos;
				SWIFT_COMPILATION_MODE = wholemodule;
				SWIFT_OPTIMIZATION_LEVEL = "-O";
				VALIDATE_PRODUCT = YES;
			};
			name = Release;
		};
		AA5E37F6292DF3600019D383 /* Debug */ = {
			isa = XCBuildConfiguration;
			buildSettings = {
				ASSETCATALOG_COMPILER_APPICON_NAME = AppIcon;
				ASSETCATALOG_COMPILER_GLOBAL_ACCENT_COLOR_NAME = AccentColor;
				CODE_SIGN_STYLE = Automatic;
				CURRENT_PROJECT_VERSION = 1;
				DEVELOPMENT_TEAM = L79YXVBK78;
				GENERATE_INFOPLIST_FILE = YES;
				INFOPLIST_FILE = TeldaMovies/Resources/Info.plist;
				INFOPLIST_KEY_UIApplicationSupportsIndirectInputEvents = YES;
				INFOPLIST_KEY_UILaunchStoryboardName = LaunchScreen;
				INFOPLIST_KEY_UISupportedInterfaceOrientations_iPad = "UIInterfaceOrientationPortrait UIInterfaceOrientationPortraitUpsideDown UIInterfaceOrientationLandscapeLeft UIInterfaceOrientationLandscapeRight";
				INFOPLIST_KEY_UISupportedInterfaceOrientations_iPhone = "UIInterfaceOrientationPortrait UIInterfaceOrientationLandscapeLeft UIInterfaceOrientationLandscapeRight";
				IPHONEOS_DEPLOYMENT_TARGET = 12.0;
				LD_RUNPATH_SEARCH_PATHS = (
					"$(inherited)",
					"@executable_path/Frameworks",
				);
				MARKETING_VERSION = 1.0;
				PRODUCT_BUNDLE_IDENTIFIER = com.iti.TeldaMovies;
				PRODUCT_NAME = "$(TARGET_NAME)";
				SWIFT_EMIT_LOC_STRINGS = YES;
				SWIFT_VERSION = 5.0;
				TARGETED_DEVICE_FAMILY = "1,2";
			};
			name = Debug;
		};
		AA5E37F7292DF3600019D383 /* Release */ = {
			isa = XCBuildConfiguration;
			buildSettings = {
				ASSETCATALOG_COMPILER_APPICON_NAME = AppIcon;
				ASSETCATALOG_COMPILER_GLOBAL_ACCENT_COLOR_NAME = AccentColor;
				CODE_SIGN_STYLE = Automatic;
				CURRENT_PROJECT_VERSION = 1;
				DEVELOPMENT_TEAM = L79YXVBK78;
				GENERATE_INFOPLIST_FILE = YES;
				INFOPLIST_FILE = TeldaMovies/Resources/Info.plist;
				INFOPLIST_KEY_UIApplicationSupportsIndirectInputEvents = YES;
				INFOPLIST_KEY_UILaunchStoryboardName = LaunchScreen;
				INFOPLIST_KEY_UISupportedInterfaceOrientations_iPad = "UIInterfaceOrientationPortrait UIInterfaceOrientationPortraitUpsideDown UIInterfaceOrientationLandscapeLeft UIInterfaceOrientationLandscapeRight";
				INFOPLIST_KEY_UISupportedInterfaceOrientations_iPhone = "UIInterfaceOrientationPortrait UIInterfaceOrientationLandscapeLeft UIInterfaceOrientationLandscapeRight";
				IPHONEOS_DEPLOYMENT_TARGET = 12.0;
				LD_RUNPATH_SEARCH_PATHS = (
					"$(inherited)",
					"@executable_path/Frameworks",
				);
				MARKETING_VERSION = 1.0;
				PRODUCT_BUNDLE_IDENTIFIER = com.iti.TeldaMovies;
				PRODUCT_NAME = "$(TARGET_NAME)";
				SWIFT_EMIT_LOC_STRINGS = YES;
				SWIFT_VERSION = 5.0;
				TARGETED_DEVICE_FAMILY = "1,2";
			};
			name = Release;
		};
/* End XCBuildConfiguration section */

/* Begin XCConfigurationList section */
		AA5E37DC292DF35F0019D383 /* Build configuration list for PBXProject "TeldaMovies" */ = {
			isa = XCConfigurationList;
			buildConfigurations = (
				AA5E37F3292DF3600019D383 /* Debug */,
				AA5E37F4292DF3600019D383 /* Release */,
			);
			defaultConfigurationIsVisible = 0;
			defaultConfigurationName = Release;
		};
		AA5E37F5292DF3600019D383 /* Build configuration list for PBXNativeTarget "TeldaMovies" */ = {
			isa = XCConfigurationList;
			buildConfigurations = (
				AA5E37F6292DF3600019D383 /* Debug */,
				AA5E37F7292DF3600019D383 /* Release */,
			);
			defaultConfigurationIsVisible = 0;
			defaultConfigurationName = Release;
		};
/* End XCConfigurationList section */

/* Begin XCRemoteSwiftPackageReference section */
		AA5E382A292EE42D0019D383 /* XCRemoteSwiftPackageReference "Kingfisher" */ = {
			isa = XCRemoteSwiftPackageReference;
			repositoryURL = "https://github.com/onevcat/Kingfisher";
			requirement = {
				kind = upToNextMajorVersion;
				minimumVersion = 7.0.0;
			};
		};
/* End XCRemoteSwiftPackageReference section */

/* Begin XCSwiftPackageProductDependency section */
		AA5E382B292EE42D0019D383 /* Kingfisher */ = {
			isa = XCSwiftPackageProductDependency;
			package = AA5E382A292EE42D0019D383 /* XCRemoteSwiftPackageReference "Kingfisher" */;
			productName = Kingfisher;
		};
/* End XCSwiftPackageProductDependency section */
	};
	rootObject = AA5E37D9292DF35F0019D383 /* Project object */;
}
